// !$*UTF8*$!
{
	archiveVersion = 1;
	classes = {
	};
	objectVersion = 50;
	objects = {

/* Begin PBXBuildFile section */
		16F5543B2105ADF600B8EEE7 /* GoogleService-Info.plist in Resources */ = {isa = PBXBuildFile; fileRef = 16F5543A2105ADF600B8EEE7 /* GoogleService-Info.plist */; };
		16F5543E2105B13C00B8EEE7 /* FirebaseHelper.swift in Sources */ = {isa = PBXBuildFile; fileRef = 16F5543D2105B13C00B8EEE7 /* FirebaseHelper.swift */; };
		40AB9AFEC7DC0B3A32ED6EBB /* Pods_MyHome.framework in Frameworks */ = {isa = PBXBuildFile; fileRef = 0D459456384E658544EEBF35 /* Pods_MyHome.framework */; };
		4507607820F63E5500AEF7BB /* ValidationTextView.swift in Sources */ = {isa = PBXBuildFile; fileRef = 4507607720F63E5500AEF7BB /* ValidationTextView.swift */; };
		4507607A20F640D600AEF7BB /* UITextField+Ext.swift in Sources */ = {isa = PBXBuildFile; fileRef = 4507607920F640D600AEF7BB /* UITextField+Ext.swift */; };
		45204E8720F0E69F00E9CC8C /* RoomCell.xib in Resources */ = {isa = PBXBuildFile; fileRef = 45204E8620F0E69F00E9CC8C /* RoomCell.xib */; };
		45204E8A20F0EA9200E9CC8C /* ShadowView.swift in Sources */ = {isa = PBXBuildFile; fileRef = 45204E8920F0EA9200E9CC8C /* ShadowView.swift */; };
		4532DB28208500370019F262 /* Room.swift in Sources */ = {isa = PBXBuildFile; fileRef = 4532DB27208500370019F262 /* Room.swift */; };
		4532F16C20FA38C000684B44 /* ValidationInput.swift in Sources */ = {isa = PBXBuildFile; fileRef = 4532F16B20FA38C000684B44 /* ValidationInput.swift */; };
		4532F16F20FA3DBF00684B44 /* ValidationError.swift in Sources */ = {isa = PBXBuildFile; fileRef = 4532F16E20FA3DBF00684B44 /* ValidationError.swift */; };
		4532F17120FA3EAF00684B44 /* String+.swift in Sources */ = {isa = PBXBuildFile; fileRef = 4532F17020FA3EAF00684B44 /* String+.swift */; };
		454A6B6820F31D3F00474B7A /* RentViewController.swift in Sources */ = {isa = PBXBuildFile; fileRef = 454A6B6420F31D3F00474B7A /* RentViewController.swift */; };
		454A6B6920F31D3F00474B7A /* RentNavigator.swift in Sources */ = {isa = PBXBuildFile; fileRef = 454A6B6520F31D3F00474B7A /* RentNavigator.swift */; };
		454A6B6A20F31D3F00474B7A /* RentViewModel.swift in Sources */ = {isa = PBXBuildFile; fileRef = 454A6B6620F31D3F00474B7A /* RentViewModel.swift */; };
		454A6B6B20F31D3F00474B7A /* RentUseCase.swift in Sources */ = {isa = PBXBuildFile; fileRef = 454A6B6720F31D3F00474B7A /* RentUseCase.swift */; };
		454A6B7120F3771400474B7A /* AddRoomNavigator.swift in Sources */ = {isa = PBXBuildFile; fileRef = 454A6B6D20F3771400474B7A /* AddRoomNavigator.swift */; };
		454A6B7220F3771400474B7A /* AddRoomUseCase.swift in Sources */ = {isa = PBXBuildFile; fileRef = 454A6B6E20F3771400474B7A /* AddRoomUseCase.swift */; };
		454A6B7320F3771400474B7A /* AddRoomViewController.swift in Sources */ = {isa = PBXBuildFile; fileRef = 454A6B6F20F3771400474B7A /* AddRoomViewController.swift */; };
		454A6B7420F3771400474B7A /* AddRoomViewModel.swift in Sources */ = {isa = PBXBuildFile; fileRef = 454A6B7020F3771400474B7A /* AddRoomViewModel.swift */; };
		4584CA472083592E00F32F55 /* AppDelegate.swift in Sources */ = {isa = PBXBuildFile; fileRef = 4584CA462083592E00F32F55 /* AppDelegate.swift */; };
		4584CA4C2083592E00F32F55 /* Main.storyboard in Resources */ = {isa = PBXBuildFile; fileRef = 4584CA4A2083592E00F32F55 /* Main.storyboard */; };
		4584CA4E2083593000F32F55 /* Assets.xcassets in Resources */ = {isa = PBXBuildFile; fileRef = 4584CA4D2083593000F32F55 /* Assets.xcassets */; };
		4584CA512083593000F32F55 /* LaunchScreen.storyboard in Resources */ = {isa = PBXBuildFile; fileRef = 4584CA4F2083593000F32F55 /* LaunchScreen.storyboard */; };
		4584CA5C2083593000F32F55 /* MyHomeTests.swift in Sources */ = {isa = PBXBuildFile; fileRef = 4584CA5B2083593000F32F55 /* MyHomeTests.swift */; };
		4584CABB2083AF6800F32F55 /* AppViewModel.swift in Sources */ = {isa = PBXBuildFile; fileRef = 4584CABA2083AF6800F32F55 /* AppViewModel.swift */; };
		4584CAC12083AFF900F32F55 /* AppUseCase.swift in Sources */ = {isa = PBXBuildFile; fileRef = 4584CAC02083AFF900F32F55 /* AppUseCase.swift */; };
		4584CAC32083B02B00F32F55 /* AppNavigator.swift in Sources */ = {isa = PBXBuildFile; fileRef = 4584CAC22083B02B00F32F55 /* AppNavigator.swift */; };
		4584CAC62083B08D00F32F55 /* MainNavigator.swift in Sources */ = {isa = PBXBuildFile; fileRef = 4584CAC52083B08D00F32F55 /* MainNavigator.swift */; };
		4584CAC82083B12D00F32F55 /* MainTabBarController.swift in Sources */ = {isa = PBXBuildFile; fileRef = 4584CAC72083B12D00F32F55 /* MainTabBarController.swift */; };
		4584CAD12083B34B00F32F55 /* Home.storyboard in Resources */ = {isa = PBXBuildFile; fileRef = 4584CAD02083B34B00F32F55 /* Home.storyboard */; };
		4584CAD32083B35C00F32F55 /* StoryBoards.swift in Sources */ = {isa = PBXBuildFile; fileRef = 4584CAD22083B35C00F32F55 /* StoryBoards.swift */; };
		4584CAD82083B84700F32F55 /* Localizable.strings in Resources */ = {isa = PBXBuildFile; fileRef = 4584CADA2083B84700F32F55 /* Localizable.strings */; };
		45AF39C020EF45B00016C7DF /* BindableType.swift in Sources */ = {isa = PBXBuildFile; fileRef = 45AF39A120EF45B00016C7DF /* BindableType.swift */; };
		45AF39C120EF45B00016C7DF /* ErrorTracker.swift in Sources */ = {isa = PBXBuildFile; fileRef = 45AF39A220EF45B00016C7DF /* ErrorTracker.swift */; };
		45AF39C220EF45B10016C7DF /* ViewModelType+Loadmore.swift in Sources */ = {isa = PBXBuildFile; fileRef = 45AF39A320EF45B00016C7DF /* ViewModelType+Loadmore.swift */; };
		45AF39C320EF45B10016C7DF /* ActivityIndicator.swift in Sources */ = {isa = PBXBuildFile; fileRef = 45AF39A420EF45B00016C7DF /* ActivityIndicator.swift */; };
		45AF39C420EF45B10016C7DF /* ViewModelType.swift in Sources */ = {isa = PBXBuildFile; fileRef = 45AF39A520EF45B00016C7DF /* ViewModelType.swift */; };
		45AF39C520EF45B10016C7DF /* HasID.swift in Sources */ = {isa = PBXBuildFile; fileRef = 45AF39A720EF45B00016C7DF /* HasID.swift */; };
		45AF39C620EF45B10016C7DF /* Page.swift in Sources */ = {isa = PBXBuildFile; fileRef = 45AF39A820EF45B00016C7DF /* Page.swift */; };
		45AF39C720EF45B10016C7DF /* APIErrorBase.swift in Sources */ = {isa = PBXBuildFile; fileRef = 45AF39AB20EF45B00016C7DF /* APIErrorBase.swift */; };
		45AF39C820EF45B10016C7DF /* APIInputBase.swift in Sources */ = {isa = PBXBuildFile; fileRef = 45AF39AC20EF45B00016C7DF /* APIInputBase.swift */; };
		45AF39C920EF45B10016C7DF /* APIServiceBase.swift in Sources */ = {isa = PBXBuildFile; fileRef = 45AF39AD20EF45B00016C7DF /* APIServiceBase.swift */; };
		45AF39CA20EF45B10016C7DF /* CacheManager.swift in Sources */ = {isa = PBXBuildFile; fileRef = 45AF39AF20EF45B00016C7DF /* CacheManager.swift */; };
		45AF39CB20EF45B10016C7DF /* RxAlamofire+Multipart.swift in Sources */ = {isa = PBXBuildFile; fileRef = 45AF39B020EF45B00016C7DF /* RxAlamofire+Multipart.swift */; };
		45AF39CC20EF45B10016C7DF /* String+Base64.swift in Sources */ = {isa = PBXBuildFile; fileRef = 45AF39B120EF45B00016C7DF /* String+Base64.swift */; };
		45AF39CD20EF45B10016C7DF /* APIOutputBase.swift in Sources */ = {isa = PBXBuildFile; fileRef = 45AF39B220EF45B00016C7DF /* APIOutputBase.swift */; };
		45AF39CE20EF45B10016C7DF /* Observable+.swift in Sources */ = {isa = PBXBuildFile; fileRef = 45AF39B420EF45B00016C7DF /* Observable+.swift */; };
		45AF39CF20EF45B10016C7DF /* DelegateTransporter.m in Sources */ = {isa = PBXBuildFile; fileRef = 45AF39B720EF45B00016C7DF /* DelegateTransporter.m */; };
		45AF39D020EF45B10016C7DF /* BaseLoadMoreTableView.swift in Sources */ = {isa = PBXBuildFile; fileRef = 45AF39B820EF45B00016C7DF /* BaseLoadMoreTableView.swift */; };
		45AF39D120EF45B10016C7DF /* TableLoadingView.xib in Resources */ = {isa = PBXBuildFile; fileRef = 45AF39B920EF45B00016C7DF /* TableLoadingView.xib */; };
		45AF39D220EF45B10016C7DF /* LoadMoreTableView.swift in Sources */ = {isa = PBXBuildFile; fileRef = 45AF39BA20EF45B00016C7DF /* LoadMoreTableView.swift */; };
		45AF39D320EF45B10016C7DF /* EmptyDataView.swift in Sources */ = {isa = PBXBuildFile; fileRef = 45AF39BB20EF45B00016C7DF /* EmptyDataView.swift */; };
		45AF39D420EF45B10016C7DF /* TableLoadingView.swift in Sources */ = {isa = PBXBuildFile; fileRef = 45AF39BC20EF45B00016C7DF /* TableLoadingView.swift */; };
		45AF39D520EF45B10016C7DF /* EmptyDataView.xib in Resources */ = {isa = PBXBuildFile; fileRef = 45AF39BD20EF45B00016C7DF /* EmptyDataView.xib */; };
		45AF39D620EF45B10016C7DF /* UIViewController+Debug.swift in Sources */ = {isa = PBXBuildFile; fileRef = 45AF39BF20EF45B00016C7DF /* UIViewController+Debug.swift */; };
		45AF39E520EF4E280016C7DF /* UIViewController+.swift in Sources */ = {isa = PBXBuildFile; fileRef = 45AF39E320EF4E280016C7DF /* UIViewController+.swift */; };
		45AF39E620EF4E280016C7DF /* UIViewController+Rx.swift in Sources */ = {isa = PBXBuildFile; fileRef = 45AF39E420EF4E280016C7DF /* UIViewController+Rx.swift */; };
		45AF39EA20EF51230016C7DF /* BaseNavigatorController.swift in Sources */ = {isa = PBXBuildFile; fileRef = 45AF39E920EF51230016C7DF /* BaseNavigatorController.swift */; };
		45AF39EC20EF51790016C7DF /* UIColor+Additions.swift in Sources */ = {isa = PBXBuildFile; fileRef = 45AF39EB20EF51790016C7DF /* UIColor+Additions.swift */; };
		45AF39EF20EF51F90016C7DF /* Constants.swift in Sources */ = {isa = PBXBuildFile; fileRef = 45AF39EE20EF51F90016C7DF /* Constants.swift */; };
		45AF39F120EF5D270016C7DF /* Utilities.swift in Sources */ = {isa = PBXBuildFile; fileRef = 45AF39F020EF5D270016C7DF /* Utilities.swift */; };
		45AF39F720EF5E960016C7DF /* RoomsViewModel.swift in Sources */ = {isa = PBXBuildFile; fileRef = 45AF39F220EF5E960016C7DF /* RoomsViewModel.swift */; };
		45AF39F820EF5E960016C7DF /* RoomsNavigator.swift in Sources */ = {isa = PBXBuildFile; fileRef = 45AF39F320EF5E960016C7DF /* RoomsNavigator.swift */; };
		45AF39F920EF5E960016C7DF /* RoomCell.swift in Sources */ = {isa = PBXBuildFile; fileRef = 45AF39F420EF5E960016C7DF /* RoomCell.swift */; };
		45AF39FA20EF5E960016C7DF /* RoomsUseCase.swift in Sources */ = {isa = PBXBuildFile; fileRef = 45AF39F520EF5E960016C7DF /* RoomsUseCase.swift */; };
		45AF39FB20EF5E960016C7DF /* RoomsViewController.swift in Sources */ = {isa = PBXBuildFile; fileRef = 45AF39F620EF5E960016C7DF /* RoomsViewController.swift */; };
		45AF3A0320EF614E0016C7DF /* RoomsNavigatorMock.swift in Sources */ = {isa = PBXBuildFile; fileRef = 45AF39FE20EF614E0016C7DF /* RoomsNavigatorMock.swift */; };
		45AF3A0420EF614E0016C7DF /* RoomsViewModelTests.swift in Sources */ = {isa = PBXBuildFile; fileRef = 45AF39FF20EF614E0016C7DF /* RoomsViewModelTests.swift */; };
		45AF3A0520EF614E0016C7DF /* RoomCellTests.swift in Sources */ = {isa = PBXBuildFile; fileRef = 45AF3A0020EF614E0016C7DF /* RoomCellTests.swift */; };
		45AF3A0620EF614E0016C7DF /* RoomsUseCaseMock.swift in Sources */ = {isa = PBXBuildFile; fileRef = 45AF3A0120EF614E0016C7DF /* RoomsUseCaseMock.swift */; };
		45AF3A0720EF614E0016C7DF /* RoomsViewControllerTests.swift in Sources */ = {isa = PBXBuildFile; fileRef = 45AF3A0220EF614E0016C7DF /* RoomsViewControllerTests.swift */; };
		45AF3A0920EF62510016C7DF /* TestError.swift in Sources */ = {isa = PBXBuildFile; fileRef = 45AF3A0820EF62510016C7DF /* TestError.swift */; };
		CA70944F576DE69AEFBFBFD8 /* Pods_MyHomeTests.framework in Frameworks */ = {isa = PBXBuildFile; fileRef = 5C19F9C2379EDF4E8BC524CD /* Pods_MyHomeTests.framework */; };
/* End PBXBuildFile section */

/* Begin PBXContainerItemProxy section */
		4584CA582083593000F32F55 /* PBXContainerItemProxy */ = {
			isa = PBXContainerItemProxy;
			containerPortal = 4584CA3B2083592E00F32F55 /* Project object */;
			proxyType = 1;
			remoteGlobalIDString = 4584CA422083592E00F32F55;
			remoteInfo = MyHome;
		};
/* End PBXContainerItemProxy section */

/* Begin PBXFileReference section */
		0D459456384E658544EEBF35 /* Pods_MyHome.framework */ = {isa = PBXFileReference; explicitFileType = wrapper.framework; includeInIndex = 0; path = Pods_MyHome.framework; sourceTree = BUILT_PRODUCTS_DIR; };
		16F5543A2105ADF600B8EEE7 /* GoogleService-Info.plist */ = {isa = PBXFileReference; fileEncoding = 4; lastKnownFileType = text.plist.xml; path = "GoogleService-Info.plist"; sourceTree = "<group>"; };
		16F5543D2105B13C00B8EEE7 /* FirebaseHelper.swift */ = {isa = PBXFileReference; lastKnownFileType = sourcecode.swift; path = FirebaseHelper.swift; sourceTree = "<group>"; };
		4507607720F63E5500AEF7BB /* ValidationTextView.swift */ = {isa = PBXFileReference; lastKnownFileType = sourcecode.swift; path = ValidationTextView.swift; sourceTree = "<group>"; };
		4507607920F640D600AEF7BB /* UITextField+Ext.swift */ = {isa = PBXFileReference; lastKnownFileType = sourcecode.swift; path = "UITextField+Ext.swift"; sourceTree = "<group>"; };
		45204E8620F0E69F00E9CC8C /* RoomCell.xib */ = {isa = PBXFileReference; lastKnownFileType = file.xib; path = RoomCell.xib; sourceTree = "<group>"; };
		45204E8920F0EA9200E9CC8C /* ShadowView.swift */ = {isa = PBXFileReference; lastKnownFileType = sourcecode.swift; path = ShadowView.swift; sourceTree = "<group>"; };
		4532DB27208500370019F262 /* Room.swift */ = {isa = PBXFileReference; lastKnownFileType = sourcecode.swift; path = Room.swift; sourceTree = "<group>"; };
		4532F16B20FA38C000684B44 /* ValidationInput.swift */ = {isa = PBXFileReference; lastKnownFileType = sourcecode.swift; path = ValidationInput.swift; sourceTree = "<group>"; };
		4532F16E20FA3DBF00684B44 /* ValidationError.swift */ = {isa = PBXFileReference; lastKnownFileType = sourcecode.swift; path = ValidationError.swift; sourceTree = "<group>"; };
		4532F17020FA3EAF00684B44 /* String+.swift */ = {isa = PBXFileReference; lastKnownFileType = sourcecode.swift; path = "String+.swift"; sourceTree = "<group>"; };
		454A6B6420F31D3F00474B7A /* RentViewController.swift */ = {isa = PBXFileReference; fileEncoding = 4; lastKnownFileType = sourcecode.swift; path = RentViewController.swift; sourceTree = "<group>"; };
		454A6B6520F31D3F00474B7A /* RentNavigator.swift */ = {isa = PBXFileReference; fileEncoding = 4; lastKnownFileType = sourcecode.swift; path = RentNavigator.swift; sourceTree = "<group>"; };
		454A6B6620F31D3F00474B7A /* RentViewModel.swift */ = {isa = PBXFileReference; fileEncoding = 4; lastKnownFileType = sourcecode.swift; path = RentViewModel.swift; sourceTree = "<group>"; };
		454A6B6720F31D3F00474B7A /* RentUseCase.swift */ = {isa = PBXFileReference; fileEncoding = 4; lastKnownFileType = sourcecode.swift; path = RentUseCase.swift; sourceTree = "<group>"; };
		454A6B6D20F3771400474B7A /* AddRoomNavigator.swift */ = {isa = PBXFileReference; fileEncoding = 4; lastKnownFileType = sourcecode.swift; path = AddRoomNavigator.swift; sourceTree = "<group>"; };
		454A6B6E20F3771400474B7A /* AddRoomUseCase.swift */ = {isa = PBXFileReference; fileEncoding = 4; lastKnownFileType = sourcecode.swift; path = AddRoomUseCase.swift; sourceTree = "<group>"; };
		454A6B6F20F3771400474B7A /* AddRoomViewController.swift */ = {isa = PBXFileReference; fileEncoding = 4; lastKnownFileType = sourcecode.swift; path = AddRoomViewController.swift; sourceTree = "<group>"; };
		454A6B7020F3771400474B7A /* AddRoomViewModel.swift */ = {isa = PBXFileReference; fileEncoding = 4; lastKnownFileType = sourcecode.swift; path = AddRoomViewModel.swift; sourceTree = "<group>"; };
		4584CA432083592E00F32F55 /* MyHome.app */ = {isa = PBXFileReference; explicitFileType = wrapper.application; includeInIndex = 0; path = MyHome.app; sourceTree = BUILT_PRODUCTS_DIR; };
		4584CA462083592E00F32F55 /* AppDelegate.swift */ = {isa = PBXFileReference; lastKnownFileType = sourcecode.swift; path = AppDelegate.swift; sourceTree = "<group>"; };
		4584CA4B2083592E00F32F55 /* Base */ = {isa = PBXFileReference; lastKnownFileType = file.storyboard; name = Base; path = Base.lproj/Main.storyboard; sourceTree = "<group>"; };
		4584CA4D2083593000F32F55 /* Assets.xcassets */ = {isa = PBXFileReference; lastKnownFileType = folder.assetcatalog; path = Assets.xcassets; sourceTree = "<group>"; };
		4584CA502083593000F32F55 /* Base */ = {isa = PBXFileReference; lastKnownFileType = file.storyboard; name = Base; path = Base.lproj/LaunchScreen.storyboard; sourceTree = "<group>"; };
		4584CA522083593000F32F55 /* Info.plist */ = {isa = PBXFileReference; lastKnownFileType = text.plist.xml; path = Info.plist; sourceTree = "<group>"; };
		4584CA572083593000F32F55 /* MyHomeTests.xctest */ = {isa = PBXFileReference; explicitFileType = wrapper.cfbundle; includeInIndex = 0; path = MyHomeTests.xctest; sourceTree = BUILT_PRODUCTS_DIR; };
		4584CA5B2083593000F32F55 /* MyHomeTests.swift */ = {isa = PBXFileReference; lastKnownFileType = sourcecode.swift; path = MyHomeTests.swift; sourceTree = "<group>"; };
		4584CA5D2083593000F32F55 /* Info.plist */ = {isa = PBXFileReference; lastKnownFileType = text.plist.xml; path = Info.plist; sourceTree = "<group>"; };
		4584CA902083A4EE00F32F55 /* MyHome-Bridging-Header.h */ = {isa = PBXFileReference; lastKnownFileType = sourcecode.c.h; path = "MyHome-Bridging-Header.h"; sourceTree = "<group>"; };
		4584CABA2083AF6800F32F55 /* AppViewModel.swift */ = {isa = PBXFileReference; lastKnownFileType = sourcecode.swift; path = AppViewModel.swift; sourceTree = "<group>"; };
		4584CAC02083AFF900F32F55 /* AppUseCase.swift */ = {isa = PBXFileReference; lastKnownFileType = sourcecode.swift; path = AppUseCase.swift; sourceTree = "<group>"; };
		4584CAC22083B02B00F32F55 /* AppNavigator.swift */ = {isa = PBXFileReference; lastKnownFileType = sourcecode.swift; path = AppNavigator.swift; sourceTree = "<group>"; };
		4584CAC52083B08D00F32F55 /* MainNavigator.swift */ = {isa = PBXFileReference; lastKnownFileType = sourcecode.swift; path = MainNavigator.swift; sourceTree = "<group>"; };
		4584CAC72083B12D00F32F55 /* MainTabBarController.swift */ = {isa = PBXFileReference; lastKnownFileType = sourcecode.swift; path = MainTabBarController.swift; sourceTree = "<group>"; };
		4584CAD02083B34B00F32F55 /* Home.storyboard */ = {isa = PBXFileReference; lastKnownFileType = file.storyboard; path = Home.storyboard; sourceTree = "<group>"; };
		4584CAD22083B35C00F32F55 /* StoryBoards.swift */ = {isa = PBXFileReference; lastKnownFileType = sourcecode.swift; path = StoryBoards.swift; sourceTree = "<group>"; };
		4584CAD42083B77900F32F55 /* vi */ = {isa = PBXFileReference; lastKnownFileType = text.plist.strings; name = vi; path = vi.lproj/Main.strings; sourceTree = "<group>"; };
		4584CAD52083B77900F32F55 /* vi */ = {isa = PBXFileReference; lastKnownFileType = text.plist.strings; name = vi; path = vi.lproj/LaunchScreen.strings; sourceTree = "<group>"; };
		4584CAD92083B84700F32F55 /* vi */ = {isa = PBXFileReference; lastKnownFileType = text.plist.strings; name = vi; path = vi.lproj/Localizable.strings; sourceTree = "<group>"; };
		45AF39A120EF45B00016C7DF /* BindableType.swift */ = {isa = PBXFileReference; fileEncoding = 4; lastKnownFileType = sourcecode.swift; path = BindableType.swift; sourceTree = "<group>"; };
		45AF39A220EF45B00016C7DF /* ErrorTracker.swift */ = {isa = PBXFileReference; fileEncoding = 4; lastKnownFileType = sourcecode.swift; path = ErrorTracker.swift; sourceTree = "<group>"; };
		45AF39A320EF45B00016C7DF /* ViewModelType+Loadmore.swift */ = {isa = PBXFileReference; fileEncoding = 4; lastKnownFileType = sourcecode.swift; path = "ViewModelType+Loadmore.swift"; sourceTree = "<group>"; };
		45AF39A420EF45B00016C7DF /* ActivityIndicator.swift */ = {isa = PBXFileReference; fileEncoding = 4; lastKnownFileType = sourcecode.swift; path = ActivityIndicator.swift; sourceTree = "<group>"; };
		45AF39A520EF45B00016C7DF /* ViewModelType.swift */ = {isa = PBXFileReference; fileEncoding = 4; lastKnownFileType = sourcecode.swift; path = ViewModelType.swift; sourceTree = "<group>"; };
		45AF39A720EF45B00016C7DF /* HasID.swift */ = {isa = PBXFileReference; fileEncoding = 4; lastKnownFileType = sourcecode.swift; path = HasID.swift; sourceTree = "<group>"; };
		45AF39A820EF45B00016C7DF /* Page.swift */ = {isa = PBXFileReference; fileEncoding = 4; lastKnownFileType = sourcecode.swift; path = Page.swift; sourceTree = "<group>"; };
		45AF39AB20EF45B00016C7DF /* APIErrorBase.swift */ = {isa = PBXFileReference; fileEncoding = 4; lastKnownFileType = sourcecode.swift; path = APIErrorBase.swift; sourceTree = "<group>"; };
		45AF39AC20EF45B00016C7DF /* APIInputBase.swift */ = {isa = PBXFileReference; fileEncoding = 4; lastKnownFileType = sourcecode.swift; path = APIInputBase.swift; sourceTree = "<group>"; };
		45AF39AD20EF45B00016C7DF /* APIServiceBase.swift */ = {isa = PBXFileReference; fileEncoding = 4; lastKnownFileType = sourcecode.swift; path = APIServiceBase.swift; sourceTree = "<group>"; };
		45AF39AF20EF45B00016C7DF /* CacheManager.swift */ = {isa = PBXFileReference; fileEncoding = 4; lastKnownFileType = sourcecode.swift; path = CacheManager.swift; sourceTree = "<group>"; };
		45AF39B020EF45B00016C7DF /* RxAlamofire+Multipart.swift */ = {isa = PBXFileReference; fileEncoding = 4; lastKnownFileType = sourcecode.swift; path = "RxAlamofire+Multipart.swift"; sourceTree = "<group>"; };
		45AF39B120EF45B00016C7DF /* String+Base64.swift */ = {isa = PBXFileReference; fileEncoding = 4; lastKnownFileType = sourcecode.swift; path = "String+Base64.swift"; sourceTree = "<group>"; };
		45AF39B220EF45B00016C7DF /* APIOutputBase.swift */ = {isa = PBXFileReference; fileEncoding = 4; lastKnownFileType = sourcecode.swift; path = APIOutputBase.swift; sourceTree = "<group>"; };
		45AF39B420EF45B00016C7DF /* Observable+.swift */ = {isa = PBXFileReference; fileEncoding = 4; lastKnownFileType = sourcecode.swift; path = "Observable+.swift"; sourceTree = "<group>"; };
		45AF39B720EF45B00016C7DF /* DelegateTransporter.m */ = {isa = PBXFileReference; fileEncoding = 4; lastKnownFileType = sourcecode.c.objc; path = DelegateTransporter.m; sourceTree = "<group>"; };
		45AF39B820EF45B00016C7DF /* BaseLoadMoreTableView.swift */ = {isa = PBXFileReference; fileEncoding = 4; lastKnownFileType = sourcecode.swift; path = BaseLoadMoreTableView.swift; sourceTree = "<group>"; };
		45AF39B920EF45B00016C7DF /* TableLoadingView.xib */ = {isa = PBXFileReference; fileEncoding = 4; lastKnownFileType = file.xib; path = TableLoadingView.xib; sourceTree = "<group>"; };
		45AF39BA20EF45B00016C7DF /* LoadMoreTableView.swift */ = {isa = PBXFileReference; fileEncoding = 4; lastKnownFileType = sourcecode.swift; path = LoadMoreTableView.swift; sourceTree = "<group>"; };
		45AF39BB20EF45B00016C7DF /* EmptyDataView.swift */ = {isa = PBXFileReference; fileEncoding = 4; lastKnownFileType = sourcecode.swift; path = EmptyDataView.swift; sourceTree = "<group>"; };
		45AF39BC20EF45B00016C7DF /* TableLoadingView.swift */ = {isa = PBXFileReference; fileEncoding = 4; lastKnownFileType = sourcecode.swift; path = TableLoadingView.swift; sourceTree = "<group>"; };
		45AF39BD20EF45B00016C7DF /* EmptyDataView.xib */ = {isa = PBXFileReference; fileEncoding = 4; lastKnownFileType = file.xib; path = EmptyDataView.xib; sourceTree = "<group>"; };
		45AF39BE20EF45B00016C7DF /* DelegateTransporter.h */ = {isa = PBXFileReference; fileEncoding = 4; lastKnownFileType = sourcecode.c.h; path = DelegateTransporter.h; sourceTree = "<group>"; };
		45AF39BF20EF45B00016C7DF /* UIViewController+Debug.swift */ = {isa = PBXFileReference; fileEncoding = 4; lastKnownFileType = sourcecode.swift; path = "UIViewController+Debug.swift"; sourceTree = "<group>"; };
		45AF39E320EF4E280016C7DF /* UIViewController+.swift */ = {isa = PBXFileReference; fileEncoding = 4; lastKnownFileType = sourcecode.swift; path = "UIViewController+.swift"; sourceTree = "<group>"; };
		45AF39E420EF4E280016C7DF /* UIViewController+Rx.swift */ = {isa = PBXFileReference; fileEncoding = 4; lastKnownFileType = sourcecode.swift; path = "UIViewController+Rx.swift"; sourceTree = "<group>"; };
		45AF39E920EF51230016C7DF /* BaseNavigatorController.swift */ = {isa = PBXFileReference; lastKnownFileType = sourcecode.swift; path = BaseNavigatorController.swift; sourceTree = "<group>"; };
		45AF39EB20EF51790016C7DF /* UIColor+Additions.swift */ = {isa = PBXFileReference; lastKnownFileType = sourcecode.swift; path = "UIColor+Additions.swift"; sourceTree = "<group>"; };
		45AF39EE20EF51F90016C7DF /* Constants.swift */ = {isa = PBXFileReference; lastKnownFileType = sourcecode.swift; path = Constants.swift; sourceTree = "<group>"; };
		45AF39F020EF5D270016C7DF /* Utilities.swift */ = {isa = PBXFileReference; lastKnownFileType = sourcecode.swift; path = Utilities.swift; sourceTree = "<group>"; };
		45AF39F220EF5E960016C7DF /* RoomsViewModel.swift */ = {isa = PBXFileReference; fileEncoding = 4; lastKnownFileType = sourcecode.swift; path = RoomsViewModel.swift; sourceTree = "<group>"; };
		45AF39F320EF5E960016C7DF /* RoomsNavigator.swift */ = {isa = PBXFileReference; fileEncoding = 4; lastKnownFileType = sourcecode.swift; path = RoomsNavigator.swift; sourceTree = "<group>"; };
		45AF39F420EF5E960016C7DF /* RoomCell.swift */ = {isa = PBXFileReference; fileEncoding = 4; lastKnownFileType = sourcecode.swift; path = RoomCell.swift; sourceTree = "<group>"; };
		45AF39F520EF5E960016C7DF /* RoomsUseCase.swift */ = {isa = PBXFileReference; fileEncoding = 4; lastKnownFileType = sourcecode.swift; path = RoomsUseCase.swift; sourceTree = "<group>"; };
		45AF39F620EF5E960016C7DF /* RoomsViewController.swift */ = {isa = PBXFileReference; fileEncoding = 4; lastKnownFileType = sourcecode.swift; path = RoomsViewController.swift; sourceTree = "<group>"; };
		45AF39FE20EF614E0016C7DF /* RoomsNavigatorMock.swift */ = {isa = PBXFileReference; fileEncoding = 4; lastKnownFileType = sourcecode.swift; path = RoomsNavigatorMock.swift; sourceTree = "<group>"; };
		45AF39FF20EF614E0016C7DF /* RoomsViewModelTests.swift */ = {isa = PBXFileReference; fileEncoding = 4; lastKnownFileType = sourcecode.swift; path = RoomsViewModelTests.swift; sourceTree = "<group>"; };
		45AF3A0020EF614E0016C7DF /* RoomCellTests.swift */ = {isa = PBXFileReference; fileEncoding = 4; lastKnownFileType = sourcecode.swift; path = RoomCellTests.swift; sourceTree = "<group>"; };
		45AF3A0120EF614E0016C7DF /* RoomsUseCaseMock.swift */ = {isa = PBXFileReference; fileEncoding = 4; lastKnownFileType = sourcecode.swift; path = RoomsUseCaseMock.swift; sourceTree = "<group>"; };
		45AF3A0220EF614E0016C7DF /* RoomsViewControllerTests.swift */ = {isa = PBXFileReference; fileEncoding = 4; lastKnownFileType = sourcecode.swift; path = RoomsViewControllerTests.swift; sourceTree = "<group>"; };
		45AF3A0820EF62510016C7DF /* TestError.swift */ = {isa = PBXFileReference; lastKnownFileType = sourcecode.swift; path = TestError.swift; sourceTree = "<group>"; };
		5A6A5057C7CD51B014BCE73D /* Pods-MyHome.release.xcconfig */ = {isa = PBXFileReference; includeInIndex = 1; lastKnownFileType = text.xcconfig; name = "Pods-MyHome.release.xcconfig"; path = "Pods/Target Support Files/Pods-MyHome/Pods-MyHome.release.xcconfig"; sourceTree = "<group>"; };
		5C19F9C2379EDF4E8BC524CD /* Pods_MyHomeTests.framework */ = {isa = PBXFileReference; explicitFileType = wrapper.framework; includeInIndex = 0; path = Pods_MyHomeTests.framework; sourceTree = BUILT_PRODUCTS_DIR; };
		710C6BE7EEB0B74EF8FE599B /* Pods-MyHome.debug.xcconfig */ = {isa = PBXFileReference; includeInIndex = 1; lastKnownFileType = text.xcconfig; name = "Pods-MyHome.debug.xcconfig"; path = "Pods/Target Support Files/Pods-MyHome/Pods-MyHome.debug.xcconfig"; sourceTree = "<group>"; };
		8181BBBC87D9A2A8529E053A /* Pods_MyHomeUITests.framework */ = {isa = PBXFileReference; explicitFileType = wrapper.framework; includeInIndex = 0; path = Pods_MyHomeUITests.framework; sourceTree = BUILT_PRODUCTS_DIR; };
		D5C5233A4866FCBA99883172 /* Pods-MyHomeTests.debug.xcconfig */ = {isa = PBXFileReference; includeInIndex = 1; lastKnownFileType = text.xcconfig; name = "Pods-MyHomeTests.debug.xcconfig"; path = "Pods/Target Support Files/Pods-MyHomeTests/Pods-MyHomeTests.debug.xcconfig"; sourceTree = "<group>"; };
		E567CCDA43A4B2A025AC6A2D /* Pods-MyHomeTests.release.xcconfig */ = {isa = PBXFileReference; includeInIndex = 1; lastKnownFileType = text.xcconfig; name = "Pods-MyHomeTests.release.xcconfig"; path = "Pods/Target Support Files/Pods-MyHomeTests/Pods-MyHomeTests.release.xcconfig"; sourceTree = "<group>"; };
/* End PBXFileReference section */

/* Begin PBXFrameworksBuildPhase section */
		4584CA402083592E00F32F55 /* Frameworks */ = {
			isa = PBXFrameworksBuildPhase;
			buildActionMask = 2147483647;
			files = (
				40AB9AFEC7DC0B3A32ED6EBB /* Pods_MyHome.framework in Frameworks */,
			);
			runOnlyForDeploymentPostprocessing = 0;
		};
		4584CA542083593000F32F55 /* Frameworks */ = {
			isa = PBXFrameworksBuildPhase;
			buildActionMask = 2147483647;
			files = (
				CA70944F576DE69AEFBFBFD8 /* Pods_MyHomeTests.framework in Frameworks */,
			);
			runOnlyForDeploymentPostprocessing = 0;
		};
/* End PBXFrameworksBuildPhase section */

/* Begin PBXGroup section */
		14D2FA5750B342E348BC0E58 /* Frameworks */ = {
			isa = PBXGroup;
			children = (
				0D459456384E658544EEBF35 /* Pods_MyHome.framework */,
				5C19F9C2379EDF4E8BC524CD /* Pods_MyHomeTests.framework */,
				8181BBBC87D9A2A8529E053A /* Pods_MyHomeUITests.framework */,
			);
			name = Frameworks;
			sourceTree = "<group>";
		};
		16F5543C2105B12A00B8EEE7 /* Helper */ = {
			isa = PBXGroup;
			children = (
				16F5543D2105B13C00B8EEE7 /* FirebaseHelper.swift */,
			);
			path = Helper;
			sourceTree = "<group>";
		};
		45204E8820F0EA7B00E9CC8C /* Common */ = {
			isa = PBXGroup;
			children = (
				45204E8920F0EA9200E9CC8C /* ShadowView.swift */,
				4507607720F63E5500AEF7BB /* ValidationTextView.swift */,
			);
			path = Common;
			sourceTree = "<group>";
		};
		4532F16D20FA396400684B44 /* Validation */ = {
			isa = PBXGroup;
			children = (
				4532F16B20FA38C000684B44 /* ValidationInput.swift */,
				4532F16E20FA3DBF00684B44 /* ValidationError.swift */,
			);
			path = Validation;
			sourceTree = "<group>";
		};
		454A6B6320F31CCB00474B7A /* Rent */ = {
			isa = PBXGroup;
			children = (
				454A6B6420F31D3F00474B7A /* RentViewController.swift */,
				454A6B6620F31D3F00474B7A /* RentViewModel.swift */,
				454A6B6520F31D3F00474B7A /* RentNavigator.swift */,
				454A6B6720F31D3F00474B7A /* RentUseCase.swift */,
			);
			path = Rent;
			sourceTree = "<group>";
		};
		454A6B6C20F376FF00474B7A /* AddRoom */ = {
			isa = PBXGroup;
			children = (
				454A6B6F20F3771400474B7A /* AddRoomViewController.swift */,
				454A6B7020F3771400474B7A /* AddRoomViewModel.swift */,
				454A6B6D20F3771400474B7A /* AddRoomNavigator.swift */,
				454A6B6E20F3771400474B7A /* AddRoomUseCase.swift */,
			);
			path = AddRoom;
			sourceTree = "<group>";
		};
		4584CA3A2083592E00F32F55 = {
			isa = PBXGroup;
			children = (
				4584CA452083592E00F32F55 /* MyHome */,
				4584CA5A2083593000F32F55 /* MyHomeTests */,
				4584CA442083592E00F32F55 /* Products */,
				86A499AACB4A86BACAFBD92D /* Pods */,
				14D2FA5750B342E348BC0E58 /* Frameworks */,
			);
			sourceTree = "<group>";
		};
		4584CA442083592E00F32F55 /* Products */ = {
			isa = PBXGroup;
			children = (
				4584CA432083592E00F32F55 /* MyHome.app */,
				4584CA572083593000F32F55 /* MyHomeTests.xctest */,
			);
			name = Products;
			sourceTree = "<group>";
		};
		4584CA452083592E00F32F55 /* MyHome */ = {
			isa = PBXGroup;
			children = (
				16F5543C2105B12A00B8EEE7 /* Helper */,
				45AF39ED20EF51EA0016C7DF /* Support */,
				45AF39E220EF4E140016C7DF /* Extensions */,
				45AF399520EF455E0016C7DF /* Architecture */,
				4584CAAA2083AC1B00F32F55 /* Entities */,
				45AF399120EF44C00016C7DF /* Services */,
				4584CA742083594C00F32F55 /* Scene */,
				4584CA462083592E00F32F55 /* AppDelegate.swift */,
				4584CA4A2083592E00F32F55 /* Main.storyboard */,
				4584CA4D2083593000F32F55 /* Assets.xcassets */,
				4584CA4F2083593000F32F55 /* LaunchScreen.storyboard */,
				4584CA522083593000F32F55 /* Info.plist */,
				4584CA902083A4EE00F32F55 /* MyHome-Bridging-Header.h */,
				4584CADA2083B84700F32F55 /* Localizable.strings */,
				16F5543A2105ADF600B8EEE7 /* GoogleService-Info.plist */,
			);
			path = MyHome;
			sourceTree = "<group>";
		};
		4584CA5A2083593000F32F55 /* MyHomeTests */ = {
			isa = PBXGroup;
			children = (
				45AF39FD20EF61390016C7DF /* Rooms */,
				4584CA5B2083593000F32F55 /* MyHomeTests.swift */,
				45AF3A0820EF62510016C7DF /* TestError.swift */,
				4584CA5D2083593000F32F55 /* Info.plist */,
			);
			path = MyHomeTests;
			sourceTree = "<group>";
		};
		4584CA742083594C00F32F55 /* Scene */ = {
			isa = PBXGroup;
			children = (
				454A6B6C20F376FF00474B7A /* AddRoom */,
				454A6B6320F31CCB00474B7A /* Rent */,
				45AF39D720EF469F0016C7DF /* Rooms */,
				4584CAC42083B07500F32F55 /* Main */,
				45AF399020EF43C40016C7DF /* App */,
				4584CACF2083B33400F32F55 /* StoryBoards */,
			);
			path = Scene;
			sourceTree = "<group>";
		};
		4584CAAA2083AC1B00F32F55 /* Entities */ = {
			isa = PBXGroup;
			children = (
				4532DB27208500370019F262 /* Room.swift */,
			);
			path = Entities;
			sourceTree = "<group>";
		};
		4584CAC42083B07500F32F55 /* Main */ = {
			isa = PBXGroup;
			children = (
				4584CAC52083B08D00F32F55 /* MainNavigator.swift */,
				4584CAC72083B12D00F32F55 /* MainTabBarController.swift */,
			);
			path = Main;
			sourceTree = "<group>";
		};
		4584CACF2083B33400F32F55 /* StoryBoards */ = {
			isa = PBXGroup;
			children = (
				4584CAD02083B34B00F32F55 /* Home.storyboard */,
				4584CAD22083B35C00F32F55 /* StoryBoards.swift */,
			);
			path = StoryBoards;
			sourceTree = "<group>";
		};
		45AF399020EF43C40016C7DF /* App */ = {
			isa = PBXGroup;
			children = (
				4584CABA2083AF6800F32F55 /* AppViewModel.swift */,
				4584CAC22083B02B00F32F55 /* AppNavigator.swift */,
				4584CAC02083AFF900F32F55 /* AppUseCase.swift */,
			);
			path = App;
			sourceTree = "<group>";
		};
		45AF399120EF44C00016C7DF /* Services */ = {
			isa = PBXGroup;
			children = (
			);
			path = Services;
			sourceTree = "<group>";
		};
		45AF399520EF455E0016C7DF /* Architecture */ = {
			isa = PBXGroup;
			children = (
				45AF39B320EF45B00016C7DF /* Extensions */,
				45AF39A620EF45B00016C7DF /* Model */,
				45AF39A920EF45B00016C7DF /* Services */,
				45AF39B520EF45B00016C7DF /* View */,
				45AF39A020EF45B00016C7DF /* ViewModel */,
			);
			path = Architecture;
			sourceTree = "<group>";
		};
		45AF39A020EF45B00016C7DF /* ViewModel */ = {
			isa = PBXGroup;
			children = (
				45AF39A120EF45B00016C7DF /* BindableType.swift */,
				45AF39A220EF45B00016C7DF /* ErrorTracker.swift */,
				45AF39A320EF45B00016C7DF /* ViewModelType+Loadmore.swift */,
				45AF39A420EF45B00016C7DF /* ActivityIndicator.swift */,
				45AF39A520EF45B00016C7DF /* ViewModelType.swift */,
			);
			path = ViewModel;
			sourceTree = "<group>";
		};
		45AF39A620EF45B00016C7DF /* Model */ = {
			isa = PBXGroup;
			children = (
				45AF39A720EF45B00016C7DF /* HasID.swift */,
				45AF39A820EF45B00016C7DF /* Page.swift */,
			);
			path = Model;
			sourceTree = "<group>";
		};
		45AF39A920EF45B00016C7DF /* Services */ = {
			isa = PBXGroup;
			children = (
				45AF39AA20EF45B00016C7DF /* API */,
			);
			path = Services;
			sourceTree = "<group>";
		};
		45AF39AA20EF45B00016C7DF /* API */ = {
			isa = PBXGroup;
			children = (
				45AF39AB20EF45B00016C7DF /* APIErrorBase.swift */,
				45AF39AC20EF45B00016C7DF /* APIInputBase.swift */,
				45AF39AD20EF45B00016C7DF /* APIServiceBase.swift */,
				45AF39AE20EF45B00016C7DF /* Support */,
				45AF39B220EF45B00016C7DF /* APIOutputBase.swift */,
			);
			path = API;
			sourceTree = "<group>";
		};
		45AF39AE20EF45B00016C7DF /* Support */ = {
			isa = PBXGroup;
			children = (
				45AF39AF20EF45B00016C7DF /* CacheManager.swift */,
				45AF39B020EF45B00016C7DF /* RxAlamofire+Multipart.swift */,
				45AF39B120EF45B00016C7DF /* String+Base64.swift */,
			);
			path = Support;
			sourceTree = "<group>";
		};
		45AF39B320EF45B00016C7DF /* Extensions */ = {
			isa = PBXGroup;
			children = (
				45AF39B420EF45B00016C7DF /* Observable+.swift */,
			);
			path = Extensions;
			sourceTree = "<group>";
		};
		45AF39B520EF45B00016C7DF /* View */ = {
			isa = PBXGroup;
			children = (
				45AF39B620EF45B00016C7DF /* LoadMoreTableView */,
				45AF39BF20EF45B00016C7DF /* UIViewController+Debug.swift */,
			);
			path = View;
			sourceTree = "<group>";
		};
		45AF39B620EF45B00016C7DF /* LoadMoreTableView */ = {
			isa = PBXGroup;
			children = (
				45AF39B720EF45B00016C7DF /* DelegateTransporter.m */,
				45AF39B820EF45B00016C7DF /* BaseLoadMoreTableView.swift */,
				45AF39B920EF45B00016C7DF /* TableLoadingView.xib */,
				45AF39BA20EF45B00016C7DF /* LoadMoreTableView.swift */,
				45AF39BB20EF45B00016C7DF /* EmptyDataView.swift */,
				45AF39BC20EF45B00016C7DF /* TableLoadingView.swift */,
				45AF39BD20EF45B00016C7DF /* EmptyDataView.xib */,
				45AF39BE20EF45B00016C7DF /* DelegateTransporter.h */,
			);
			path = LoadMoreTableView;
			sourceTree = "<group>";
		};
		45AF39D720EF469F0016C7DF /* Rooms */ = {
			isa = PBXGroup;
			children = (
				45AF39FC20EF5E9A0016C7DF /* Cell */,
				45AF39F620EF5E960016C7DF /* RoomsViewController.swift */,
				45AF39F220EF5E960016C7DF /* RoomsViewModel.swift */,
				45AF39F320EF5E960016C7DF /* RoomsNavigator.swift */,
				45AF39F520EF5E960016C7DF /* RoomsUseCase.swift */,
			);
			path = Rooms;
			sourceTree = "<group>";
		};
		45AF39E220EF4E140016C7DF /* Extensions */ = {
			isa = PBXGroup;
			children = (
				45AF39E320EF4E280016C7DF /* UIViewController+.swift */,
				45AF39E420EF4E280016C7DF /* UIViewController+Rx.swift */,
				45AF39E920EF51230016C7DF /* BaseNavigatorController.swift */,
				45AF39EB20EF51790016C7DF /* UIColor+Additions.swift */,
				4507607920F640D600AEF7BB /* UITextField+Ext.swift */,
				4532F17020FA3EAF00684B44 /* String+.swift */,
			);
			path = Extensions;
			sourceTree = "<group>";
		};
		45AF39ED20EF51EA0016C7DF /* Support */ = {
			isa = PBXGroup;
			children = (
				4532F16D20FA396400684B44 /* Validation */,
				45204E8820F0EA7B00E9CC8C /* Common */,
				45AF39EE20EF51F90016C7DF /* Constants.swift */,
				45AF39F020EF5D270016C7DF /* Utilities.swift */,
			);
			path = Support;
			sourceTree = "<group>";
		};
		45AF39FC20EF5E9A0016C7DF /* Cell */ = {
			isa = PBXGroup;
			children = (
				45AF39F420EF5E960016C7DF /* RoomCell.swift */,
				45204E8620F0E69F00E9CC8C /* RoomCell.xib */,
			);
			path = Cell;
			sourceTree = "<group>";
		};
		45AF39FD20EF61390016C7DF /* Rooms */ = {
			isa = PBXGroup;
			children = (
				45AF3A0020EF614E0016C7DF /* RoomCellTests.swift */,
				45AF39FE20EF614E0016C7DF /* RoomsNavigatorMock.swift */,
				45AF3A0120EF614E0016C7DF /* RoomsUseCaseMock.swift */,
				45AF3A0220EF614E0016C7DF /* RoomsViewControllerTests.swift */,
				45AF39FF20EF614E0016C7DF /* RoomsViewModelTests.swift */,
			);
			path = Rooms;
			sourceTree = "<group>";
		};
		86A499AACB4A86BACAFBD92D /* Pods */ = {
			isa = PBXGroup;
			children = (
				710C6BE7EEB0B74EF8FE599B /* Pods-MyHome.debug.xcconfig */,
				5A6A5057C7CD51B014BCE73D /* Pods-MyHome.release.xcconfig */,
				D5C5233A4866FCBA99883172 /* Pods-MyHomeTests.debug.xcconfig */,
				E567CCDA43A4B2A025AC6A2D /* Pods-MyHomeTests.release.xcconfig */,
			);
			name = Pods;
			sourceTree = "<group>";
		};
/* End PBXGroup section */

/* Begin PBXNativeTarget section */
		4584CA422083592E00F32F55 /* MyHome */ = {
			isa = PBXNativeTarget;
			buildConfigurationList = 4584CA6B2083593000F32F55 /* Build configuration list for PBXNativeTarget "MyHome" */;
			buildPhases = (
				13BE1E14857DA960DD330F23 /* [CP] Check Pods Manifest.lock */,
				4584CA3F2083592E00F32F55 /* Sources */,
				4584CA402083592E00F32F55 /* Frameworks */,
				4584CA412083592E00F32F55 /* Resources */,
				093BFEF0B29427E889E457AB /* [CP] Embed Pods Frameworks */,
			);
			buildRules = (
			);
			dependencies = (
			);
			name = MyHome;
			productName = MyHome;
			productReference = 4584CA432083592E00F32F55 /* MyHome.app */;
			productType = "com.apple.product-type.application";
		};
		4584CA562083593000F32F55 /* MyHomeTests */ = {
			isa = PBXNativeTarget;
			buildConfigurationList = 4584CA6E2083593000F32F55 /* Build configuration list for PBXNativeTarget "MyHomeTests" */;
			buildPhases = (
				66E250EB05F580D07599FF35 /* [CP] Check Pods Manifest.lock */,
				4584CA532083593000F32F55 /* Sources */,
				4584CA542083593000F32F55 /* Frameworks */,
				4584CA552083593000F32F55 /* Resources */,
				445C9A9836ABF7A131A8F38D /* [CP] Embed Pods Frameworks */,
			);
			buildRules = (
			);
			dependencies = (
				4584CA592083593000F32F55 /* PBXTargetDependency */,
			);
			name = MyHomeTests;
			productName = MyHomeTests;
			productReference = 4584CA572083593000F32F55 /* MyHomeTests.xctest */;
			productType = "com.apple.product-type.bundle.unit-test";
		};
/* End PBXNativeTarget section */

/* Begin PBXProject section */
		4584CA3B2083592E00F32F55 /* Project object */ = {
			isa = PBXProject;
			attributes = {
				LastSwiftUpdateCheck = 0930;
				LastUpgradeCheck = 0930;
				ORGANIZATIONNAME = "Tin Blanc";
				TargetAttributes = {
					4584CA422083592E00F32F55 = {
						CreatedOnToolsVersion = 9.3;
					};
					4584CA562083593000F32F55 = {
						CreatedOnToolsVersion = 9.3;
						TestTargetID = 4584CA422083592E00F32F55;
					};
				};
			};
			buildConfigurationList = 4584CA3E2083592E00F32F55 /* Build configuration list for PBXProject "MyHome" */;
			compatibilityVersion = "Xcode 9.3";
			developmentRegion = en;
			hasScannedForEncodings = 0;
			knownRegions = (
				Base,
			);
			mainGroup = 4584CA3A2083592E00F32F55;
			productRefGroup = 4584CA442083592E00F32F55 /* Products */;
			projectDirPath = "";
			projectRoot = "";
			targets = (
				4584CA422083592E00F32F55 /* MyHome */,
				4584CA562083593000F32F55 /* MyHomeTests */,
			);
		};
/* End PBXProject section */

/* Begin PBXResourcesBuildPhase section */
		4584CA412083592E00F32F55 /* Resources */ = {
			isa = PBXResourcesBuildPhase;
			buildActionMask = 2147483647;
			files = (
				4584CAD82083B84700F32F55 /* Localizable.strings in Resources */,
				4584CA512083593000F32F55 /* LaunchScreen.storyboard in Resources */,
				16F5543B2105ADF600B8EEE7 /* GoogleService-Info.plist in Resources */,
				45204E8720F0E69F00E9CC8C /* RoomCell.xib in Resources */,
				4584CA4E2083593000F32F55 /* Assets.xcassets in Resources */,
				45AF39D120EF45B10016C7DF /* TableLoadingView.xib in Resources */,
				4584CA4C2083592E00F32F55 /* Main.storyboard in Resources */,
				45AF39D520EF45B10016C7DF /* EmptyDataView.xib in Resources */,
				4584CAD12083B34B00F32F55 /* Home.storyboard in Resources */,
			);
			runOnlyForDeploymentPostprocessing = 0;
		};
		4584CA552083593000F32F55 /* Resources */ = {
			isa = PBXResourcesBuildPhase;
			buildActionMask = 2147483647;
			files = (
			);
			runOnlyForDeploymentPostprocessing = 0;
		};
/* End PBXResourcesBuildPhase section */

/* Begin PBXShellScriptBuildPhase section */
		093BFEF0B29427E889E457AB /* [CP] Embed Pods Frameworks */ = {
			isa = PBXShellScriptBuildPhase;
			buildActionMask = 2147483647;
			files = (
			);
			inputPaths = (
				"${SRCROOT}/Pods/Target Support Files/Pods-MyHome/Pods-MyHome-frameworks.sh",
				"${BUILT_PRODUCTS_DIR}/AMPopTip/AMPopTip.framework",
				"${BUILT_PRODUCTS_DIR}/ActionSheetPicker-3.0/ActionSheetPicker_3_0.framework",
				"${BUILT_PRODUCTS_DIR}/Alamofire/Alamofire.framework",
				"${BUILT_PRODUCTS_DIR}/Differentiator/Differentiator.framework",
				"${BUILT_PRODUCTS_DIR}/GTMSessionFetcher/GTMSessionFetcher.framework",
				"${BUILT_PRODUCTS_DIR}/GoogleToolboxForMac/GoogleToolboxForMac.framework",
				"${BUILT_PRODUCTS_DIR}/IQKeyboardManagerSwift/IQKeyboardManagerSwift.framework",
				"${BUILT_PRODUCTS_DIR}/Localize-Swift/Localize_Swift.framework",
				"${BUILT_PRODUCTS_DIR}/MBProgressHUD/MBProgressHUD.framework",
				"${BUILT_PRODUCTS_DIR}/NSObject+Rx/NSObject_Rx.framework",
				"${BUILT_PRODUCTS_DIR}/ObjectMapper/ObjectMapper.framework",
				"${BUILT_PRODUCTS_DIR}/OrderedSet/OrderedSet.framework",
				"${BUILT_PRODUCTS_DIR}/Reusable/Reusable.framework",
				"${BUILT_PRODUCTS_DIR}/RxAlamofire/RxAlamofire.framework",
				"${BUILT_PRODUCTS_DIR}/RxCocoa/RxCocoa.framework",
				"${BUILT_PRODUCTS_DIR}/RxDataSources/RxDataSources.framework",
				"${BUILT_PRODUCTS_DIR}/RxSwift/RxSwift.framework",
				"${BUILT_PRODUCTS_DIR}/SDWebImage/SDWebImage.framework",
				"${BUILT_PRODUCTS_DIR}/SnapKit/SnapKit.framework",
				"${BUILT_PRODUCTS_DIR}/Then/Then.framework",
				"${BUILT_PRODUCTS_DIR}/Validator/Validator.framework",
				"${BUILT_PRODUCTS_DIR}/leveldb-library/leveldb.framework",
				"${BUILT_PRODUCTS_DIR}/nanopb/nanopb.framework",
			);
			name = "[CP] Embed Pods Frameworks";
			outputPaths = (
				"${TARGET_BUILD_DIR}/${FRAMEWORKS_FOLDER_PATH}/AMPopTip.framework",
				"${TARGET_BUILD_DIR}/${FRAMEWORKS_FOLDER_PATH}/ActionSheetPicker_3_0.framework",
				"${TARGET_BUILD_DIR}/${FRAMEWORKS_FOLDER_PATH}/Alamofire.framework",
				"${TARGET_BUILD_DIR}/${FRAMEWORKS_FOLDER_PATH}/Differentiator.framework",
				"${TARGET_BUILD_DIR}/${FRAMEWORKS_FOLDER_PATH}/GTMSessionFetcher.framework",
				"${TARGET_BUILD_DIR}/${FRAMEWORKS_FOLDER_PATH}/GoogleToolboxForMac.framework",
				"${TARGET_BUILD_DIR}/${FRAMEWORKS_FOLDER_PATH}/IQKeyboardManagerSwift.framework",
				"${TARGET_BUILD_DIR}/${FRAMEWORKS_FOLDER_PATH}/Localize_Swift.framework",
				"${TARGET_BUILD_DIR}/${FRAMEWORKS_FOLDER_PATH}/MBProgressHUD.framework",
				"${TARGET_BUILD_DIR}/${FRAMEWORKS_FOLDER_PATH}/NSObject_Rx.framework",
				"${TARGET_BUILD_DIR}/${FRAMEWORKS_FOLDER_PATH}/ObjectMapper.framework",
				"${TARGET_BUILD_DIR}/${FRAMEWORKS_FOLDER_PATH}/OrderedSet.framework",
				"${TARGET_BUILD_DIR}/${FRAMEWORKS_FOLDER_PATH}/Reusable.framework",
				"${TARGET_BUILD_DIR}/${FRAMEWORKS_FOLDER_PATH}/RxAlamofire.framework",
				"${TARGET_BUILD_DIR}/${FRAMEWORKS_FOLDER_PATH}/RxCocoa.framework",
				"${TARGET_BUILD_DIR}/${FRAMEWORKS_FOLDER_PATH}/RxDataSources.framework",
				"${TARGET_BUILD_DIR}/${FRAMEWORKS_FOLDER_PATH}/RxSwift.framework",
				"${TARGET_BUILD_DIR}/${FRAMEWORKS_FOLDER_PATH}/SDWebImage.framework",
				"${TARGET_BUILD_DIR}/${FRAMEWORKS_FOLDER_PATH}/SnapKit.framework",
				"${TARGET_BUILD_DIR}/${FRAMEWORKS_FOLDER_PATH}/Then.framework",
				"${TARGET_BUILD_DIR}/${FRAMEWORKS_FOLDER_PATH}/Validator.framework",
				"${TARGET_BUILD_DIR}/${FRAMEWORKS_FOLDER_PATH}/leveldb.framework",
				"${TARGET_BUILD_DIR}/${FRAMEWORKS_FOLDER_PATH}/nanopb.framework",
			);
			runOnlyForDeploymentPostprocessing = 0;
			shellPath = /bin/sh;
			shellScript = "\"${SRCROOT}/Pods/Target Support Files/Pods-MyHome/Pods-MyHome-frameworks.sh\"\n";
			showEnvVarsInLog = 0;
		};
		13BE1E14857DA960DD330F23 /* [CP] Check Pods Manifest.lock */ = {
			isa = PBXShellScriptBuildPhase;
			buildActionMask = 2147483647;
			files = (
			);
			inputPaths = (
				"${PODS_PODFILE_DIR_PATH}/Podfile.lock",
				"${PODS_ROOT}/Manifest.lock",
			);
			name = "[CP] Check Pods Manifest.lock";
			outputPaths = (
				"$(DERIVED_FILE_DIR)/Pods-MyHome-checkManifestLockResult.txt",
			);
			runOnlyForDeploymentPostprocessing = 0;
			shellPath = /bin/sh;
			shellScript = "diff \"${PODS_PODFILE_DIR_PATH}/Podfile.lock\" \"${PODS_ROOT}/Manifest.lock\" > /dev/null\nif [ $? != 0 ] ; then\n    # print error to STDERR\n    echo \"error: The sandbox is not in sync with the Podfile.lock. Run 'pod install' or update your CocoaPods installation.\" >&2\n    exit 1\nfi\n# This output is used by Xcode 'outputs' to avoid re-running this script phase.\necho \"SUCCESS\" > \"${SCRIPT_OUTPUT_FILE_0}\"\n";
			showEnvVarsInLog = 0;
		};
		445C9A9836ABF7A131A8F38D /* [CP] Embed Pods Frameworks */ = {
			isa = PBXShellScriptBuildPhase;
			buildActionMask = 2147483647;
			files = (
			);
			inputPaths = (
				"${SRCROOT}/Pods/Target Support Files/Pods-MyHomeTests/Pods-MyHomeTests-frameworks.sh",
				"${BUILT_PRODUCTS_DIR}/RxSwift/RxSwift.framework",
				"${BUILT_PRODUCTS_DIR}/RxBlocking/RxBlocking.framework",
			);
			name = "[CP] Embed Pods Frameworks";
			outputPaths = (
				"${TARGET_BUILD_DIR}/${FRAMEWORKS_FOLDER_PATH}/RxSwift.framework",
				"${TARGET_BUILD_DIR}/${FRAMEWORKS_FOLDER_PATH}/RxBlocking.framework",
			);
			runOnlyForDeploymentPostprocessing = 0;
			shellPath = /bin/sh;
			shellScript = "\"${SRCROOT}/Pods/Target Support Files/Pods-MyHomeTests/Pods-MyHomeTests-frameworks.sh\"\n";
			showEnvVarsInLog = 0;
		};
		66E250EB05F580D07599FF35 /* [CP] Check Pods Manifest.lock */ = {
			isa = PBXShellScriptBuildPhase;
			buildActionMask = 2147483647;
			files = (
			);
			inputPaths = (
				"${PODS_PODFILE_DIR_PATH}/Podfile.lock",
				"${PODS_ROOT}/Manifest.lock",
			);
			name = "[CP] Check Pods Manifest.lock";
			outputPaths = (
				"$(DERIVED_FILE_DIR)/Pods-MyHomeTests-checkManifestLockResult.txt",
			);
			runOnlyForDeploymentPostprocessing = 0;
			shellPath = /bin/sh;
			shellScript = "diff \"${PODS_PODFILE_DIR_PATH}/Podfile.lock\" \"${PODS_ROOT}/Manifest.lock\" > /dev/null\nif [ $? != 0 ] ; then\n    # print error to STDERR\n    echo \"error: The sandbox is not in sync with the Podfile.lock. Run 'pod install' or update your CocoaPods installation.\" >&2\n    exit 1\nfi\n# This output is used by Xcode 'outputs' to avoid re-running this script phase.\necho \"SUCCESS\" > \"${SCRIPT_OUTPUT_FILE_0}\"\n";
			showEnvVarsInLog = 0;
		};
/* End PBXShellScriptBuildPhase section */

/* Begin PBXSourcesBuildPhase section */
		4584CA3F2083592E00F32F55 /* Sources */ = {
			isa = PBXSourcesBuildPhase;
			buildActionMask = 2147483647;
			files = (
				454A6B7120F3771400474B7A /* AddRoomNavigator.swift in Sources */,
				454A6B6920F31D3F00474B7A /* RentNavigator.swift in Sources */,
				45AF39C720EF45B10016C7DF /* APIErrorBase.swift in Sources */,
				454A6B6B20F31D3F00474B7A /* RentUseCase.swift in Sources */,
				454A6B6820F31D3F00474B7A /* RentViewController.swift in Sources */,
				45AF39CE20EF45B10016C7DF /* Observable+.swift in Sources */,
				4584CAC82083B12D00F32F55 /* MainTabBarController.swift in Sources */,
				4584CAD32083B35C00F32F55 /* StoryBoards.swift in Sources */,
				45AF39C120EF45B00016C7DF /* ErrorTracker.swift in Sources */,
				16F5543E2105B13C00B8EEE7 /* FirebaseHelper.swift in Sources */,
				454A6B6A20F31D3F00474B7A /* RentViewModel.swift in Sources */,
				4532F17120FA3EAF00684B44 /* String+.swift in Sources */,
				45AF39F820EF5E960016C7DF /* RoomsNavigator.swift in Sources */,
				45204E8A20F0EA9200E9CC8C /* ShadowView.swift in Sources */,
				454A6B7220F3771400474B7A /* AddRoomUseCase.swift in Sources */,
				4532F16F20FA3DBF00684B44 /* ValidationError.swift in Sources */,
				4507607A20F640D600AEF7BB /* UITextField+Ext.swift in Sources */,
				45AF39EF20EF51F90016C7DF /* Constants.swift in Sources */,
				45AF39CB20EF45B10016C7DF /* RxAlamofire+Multipart.swift in Sources */,
				45AF39CF20EF45B10016C7DF /* DelegateTransporter.m in Sources */,
				45AF39D320EF45B10016C7DF /* EmptyDataView.swift in Sources */,
				45AF39D220EF45B10016C7DF /* LoadMoreTableView.swift in Sources */,
				4507607820F63E5500AEF7BB /* ValidationTextView.swift in Sources */,
				45AF39C920EF45B10016C7DF /* APIServiceBase.swift in Sources */,
				4584CAC62083B08D00F32F55 /* MainNavigator.swift in Sources */,
				45AF39C020EF45B00016C7DF /* BindableType.swift in Sources */,
				454A6B7420F3771400474B7A /* AddRoomViewModel.swift in Sources */,
				45AF39C520EF45B10016C7DF /* HasID.swift in Sources */,
				45AF39D020EF45B10016C7DF /* BaseLoadMoreTableView.swift in Sources */,
				45AF39F920EF5E960016C7DF /* RoomCell.swift in Sources */,
				4584CAC32083B02B00F32F55 /* AppNavigator.swift in Sources */,
				45AF39CA20EF45B10016C7DF /* CacheManager.swift in Sources */,
				45AF39CC20EF45B10016C7DF /* String+Base64.swift in Sources */,
				454A6B7320F3771400474B7A /* AddRoomViewController.swift in Sources */,
				45AF39C220EF45B10016C7DF /* ViewModelType+Loadmore.swift in Sources */,
				45AF39C620EF45B10016C7DF /* Page.swift in Sources */,
				45AF39D620EF45B10016C7DF /* UIViewController+Debug.swift in Sources */,
				45AF39EA20EF51230016C7DF /* BaseNavigatorController.swift in Sources */,
				45AF39FA20EF5E960016C7DF /* RoomsUseCase.swift in Sources */,
				45AF39C820EF45B10016C7DF /* APIInputBase.swift in Sources */,
				4584CA472083592E00F32F55 /* AppDelegate.swift in Sources */,
				45AF39FB20EF5E960016C7DF /* RoomsViewController.swift in Sources */,
				4584CAC12083AFF900F32F55 /* AppUseCase.swift in Sources */,
				4584CABB2083AF6800F32F55 /* AppViewModel.swift in Sources */,
				45AF39E620EF4E280016C7DF /* UIViewController+Rx.swift in Sources */,
				45AF39F120EF5D270016C7DF /* Utilities.swift in Sources */,
				4532F16C20FA38C000684B44 /* ValidationInput.swift in Sources */,
				45AF39CD20EF45B10016C7DF /* APIOutputBase.swift in Sources */,
				45AF39C420EF45B10016C7DF /* ViewModelType.swift in Sources */,
				45AF39E520EF4E280016C7DF /* UIViewController+.swift in Sources */,
				45AF39C320EF45B10016C7DF /* ActivityIndicator.swift in Sources */,
				45AF39D420EF45B10016C7DF /* TableLoadingView.swift in Sources */,
				4532DB28208500370019F262 /* Room.swift in Sources */,
				45AF39EC20EF51790016C7DF /* UIColor+Additions.swift in Sources */,
				45AF39F720EF5E960016C7DF /* RoomsViewModel.swift in Sources */,
			);
			runOnlyForDeploymentPostprocessing = 0;
		};
		4584CA532083593000F32F55 /* Sources */ = {
			isa = PBXSourcesBuildPhase;
			buildActionMask = 2147483647;
			files = (
				45AF3A0620EF614E0016C7DF /* RoomsUseCaseMock.swift in Sources */,
				45AF3A0720EF614E0016C7DF /* RoomsViewControllerTests.swift in Sources */,
				45AF3A0320EF614E0016C7DF /* RoomsNavigatorMock.swift in Sources */,
				45AF3A0420EF614E0016C7DF /* RoomsViewModelTests.swift in Sources */,
				45AF3A0520EF614E0016C7DF /* RoomCellTests.swift in Sources */,
				45AF3A0920EF62510016C7DF /* TestError.swift in Sources */,
				4584CA5C2083593000F32F55 /* MyHomeTests.swift in Sources */,
			);
			runOnlyForDeploymentPostprocessing = 0;
		};
/* End PBXSourcesBuildPhase section */

/* Begin PBXTargetDependency section */
		4584CA592083593000F32F55 /* PBXTargetDependency */ = {
			isa = PBXTargetDependency;
			target = 4584CA422083592E00F32F55 /* MyHome */;
			targetProxy = 4584CA582083593000F32F55 /* PBXContainerItemProxy */;
		};
/* End PBXTargetDependency section */

/* Begin PBXVariantGroup section */
		4584CA4A2083592E00F32F55 /* Main.storyboard */ = {
			isa = PBXVariantGroup;
			children = (
				4584CA4B2083592E00F32F55 /* Base */,
				4584CAD42083B77900F32F55 /* vi */,
			);
			name = Main.storyboard;
			sourceTree = "<group>";
		};
		4584CA4F2083593000F32F55 /* LaunchScreen.storyboard */ = {
			isa = PBXVariantGroup;
			children = (
				4584CA502083593000F32F55 /* Base */,
				4584CAD52083B77900F32F55 /* vi */,
			);
			name = LaunchScreen.storyboard;
			sourceTree = "<group>";
		};
		4584CADA2083B84700F32F55 /* Localizable.strings */ = {
			isa = PBXVariantGroup;
			children = (
				4584CAD92083B84700F32F55 /* vi */,
			);
			name = Localizable.strings;
			sourceTree = "<group>";
		};
/* End PBXVariantGroup section */

/* Begin XCBuildConfiguration section */
		4584CA692083593000F32F55 /* Debug */ = {
			isa = XCBuildConfiguration;
			buildSettings = {
				ALWAYS_SEARCH_USER_PATHS = NO;
				CLANG_ANALYZER_LOCALIZABILITY_NONLOCALIZED = YES;
				CLANG_ANALYZER_NONNULL = YES;
				CLANG_ANALYZER_NUMBER_OBJECT_CONVERSION = YES_AGGRESSIVE;
				CLANG_CXX_LANGUAGE_STANDARD = "gnu++14";
				CLANG_CXX_LIBRARY = "libc++";
				CLANG_ENABLE_MODULES = YES;
				CLANG_ENABLE_OBJC_ARC = YES;
				CLANG_ENABLE_OBJC_WEAK = YES;
				CLANG_WARN_BLOCK_CAPTURE_AUTORELEASING = YES;
				CLANG_WARN_BOOL_CONVERSION = YES;
				CLANG_WARN_COMMA = YES;
				CLANG_WARN_CONSTANT_CONVERSION = YES;
				CLANG_WARN_DEPRECATED_OBJC_IMPLEMENTATIONS = YES;
				CLANG_WARN_DIRECT_OBJC_ISA_USAGE = YES_ERROR;
				CLANG_WARN_DOCUMENTATION_COMMENTS = YES;
				CLANG_WARN_EMPTY_BODY = YES;
				CLANG_WARN_ENUM_CONVERSION = YES;
				CLANG_WARN_INFINITE_RECURSION = YES;
				CLANG_WARN_INT_CONVERSION = YES;
				CLANG_WARN_NON_LITERAL_NULL_CONVERSION = YES;
				CLANG_WARN_OBJC_IMPLICIT_RETAIN_SELF = YES;
				CLANG_WARN_OBJC_LITERAL_CONVERSION = YES;
				CLANG_WARN_OBJC_ROOT_CLASS = YES_ERROR;
				CLANG_WARN_RANGE_LOOP_ANALYSIS = YES;
				CLANG_WARN_STRICT_PROTOTYPES = YES;
				CLANG_WARN_SUSPICIOUS_MOVE = YES;
				CLANG_WARN_UNGUARDED_AVAILABILITY = YES_AGGRESSIVE;
				CLANG_WARN_UNREACHABLE_CODE = YES;
				CLANG_WARN__DUPLICATE_METHOD_MATCH = YES;
				CODE_SIGN_IDENTITY = "iPhone Developer";
				COPY_PHASE_STRIP = NO;
				DEBUG_INFORMATION_FORMAT = dwarf;
				ENABLE_STRICT_OBJC_MSGSEND = YES;
				ENABLE_TESTABILITY = YES;
				GCC_C_LANGUAGE_STANDARD = gnu11;
				GCC_DYNAMIC_NO_PIC = NO;
				GCC_NO_COMMON_BLOCKS = YES;
				GCC_OPTIMIZATION_LEVEL = 0;
				GCC_PREPROCESSOR_DEFINITIONS = (
					"DEBUG=1",
					"$(inherited)",
				);
				GCC_WARN_64_TO_32_BIT_CONVERSION = YES;
				GCC_WARN_ABOUT_RETURN_TYPE = YES_ERROR;
				GCC_WARN_UNDECLARED_SELECTOR = YES;
				GCC_WARN_UNINITIALIZED_AUTOS = YES_AGGRESSIVE;
				GCC_WARN_UNUSED_FUNCTION = YES;
				GCC_WARN_UNUSED_VARIABLE = YES;
				IPHONEOS_DEPLOYMENT_TARGET = 11.3;
				MTL_ENABLE_DEBUG_INFO = YES;
				ONLY_ACTIVE_ARCH = YES;
				SDKROOT = iphoneos;
				SWIFT_ACTIVE_COMPILATION_CONDITIONS = DEBUG;
				SWIFT_OPTIMIZATION_LEVEL = "-Onone";
			};
			name = Debug;
		};
		4584CA6A2083593000F32F55 /* Release */ = {
			isa = XCBuildConfiguration;
			buildSettings = {
				ALWAYS_SEARCH_USER_PATHS = NO;
				CLANG_ANALYZER_LOCALIZABILITY_NONLOCALIZED = YES;
				CLANG_ANALYZER_NONNULL = YES;
				CLANG_ANALYZER_NUMBER_OBJECT_CONVERSION = YES_AGGRESSIVE;
				CLANG_CXX_LANGUAGE_STANDARD = "gnu++14";
				CLANG_CXX_LIBRARY = "libc++";
				CLANG_ENABLE_MODULES = YES;
				CLANG_ENABLE_OBJC_ARC = YES;
				CLANG_ENABLE_OBJC_WEAK = YES;
				CLANG_WARN_BLOCK_CAPTURE_AUTORELEASING = YES;
				CLANG_WARN_BOOL_CONVERSION = YES;
				CLANG_WARN_COMMA = YES;
				CLANG_WARN_CONSTANT_CONVERSION = YES;
				CLANG_WARN_DEPRECATED_OBJC_IMPLEMENTATIONS = YES;
				CLANG_WARN_DIRECT_OBJC_ISA_USAGE = YES_ERROR;
				CLANG_WARN_DOCUMENTATION_COMMENTS = YES;
				CLANG_WARN_EMPTY_BODY = YES;
				CLANG_WARN_ENUM_CONVERSION = YES;
				CLANG_WARN_INFINITE_RECURSION = YES;
				CLANG_WARN_INT_CONVERSION = YES;
				CLANG_WARN_NON_LITERAL_NULL_CONVERSION = YES;
				CLANG_WARN_OBJC_IMPLICIT_RETAIN_SELF = YES;
				CLANG_WARN_OBJC_LITERAL_CONVERSION = YES;
				CLANG_WARN_OBJC_ROOT_CLASS = YES_ERROR;
				CLANG_WARN_RANGE_LOOP_ANALYSIS = YES;
				CLANG_WARN_STRICT_PROTOTYPES = YES;
				CLANG_WARN_SUSPICIOUS_MOVE = YES;
				CLANG_WARN_UNGUARDED_AVAILABILITY = YES_AGGRESSIVE;
				CLANG_WARN_UNREACHABLE_CODE = YES;
				CLANG_WARN__DUPLICATE_METHOD_MATCH = YES;
				CODE_SIGN_IDENTITY = "iPhone Developer";
				COPY_PHASE_STRIP = NO;
				DEBUG_INFORMATION_FORMAT = "dwarf-with-dsym";
				ENABLE_NS_ASSERTIONS = NO;
				ENABLE_STRICT_OBJC_MSGSEND = YES;
				GCC_C_LANGUAGE_STANDARD = gnu11;
				GCC_NO_COMMON_BLOCKS = YES;
				GCC_WARN_64_TO_32_BIT_CONVERSION = YES;
				GCC_WARN_ABOUT_RETURN_TYPE = YES_ERROR;
				GCC_WARN_UNDECLARED_SELECTOR = YES;
				GCC_WARN_UNINITIALIZED_AUTOS = YES_AGGRESSIVE;
				GCC_WARN_UNUSED_FUNCTION = YES;
				GCC_WARN_UNUSED_VARIABLE = YES;
				IPHONEOS_DEPLOYMENT_TARGET = 11.3;
				MTL_ENABLE_DEBUG_INFO = NO;
				SDKROOT = iphoneos;
				SWIFT_COMPILATION_MODE = wholemodule;
				SWIFT_OPTIMIZATION_LEVEL = "-O";
				VALIDATE_PRODUCT = YES;
			};
			name = Release;
		};
		4584CA6C2083593000F32F55 /* Debug */ = {
			isa = XCBuildConfiguration;
			baseConfigurationReference = 710C6BE7EEB0B74EF8FE599B /* Pods-MyHome.debug.xcconfig */;
			buildSettings = {
				ASSETCATALOG_COMPILER_APPICON_NAME = AppIcon;
				CODE_SIGN_STYLE = Automatic;
				DEVELOPMENT_TEAM = HM9CMH9SWR;
				INFOPLIST_FILE = MyHome/Info.plist;
				LD_RUNPATH_SEARCH_PATHS = (
					"$(inherited)",
					"@executable_path/Frameworks",
				);
				PRODUCT_BUNDLE_IDENTIFIER = com.tinblanc.MyHome;
				PRODUCT_NAME = "$(TARGET_NAME)";
				SWIFT_OBJC_BRIDGING_HEADER = "MyHome/MyHome-Bridging-Header.h";
				SWIFT_VERSION = 4.0;
				TARGETED_DEVICE_FAMILY = "1,2";
			};
			name = Debug;
		};
		4584CA6D2083593000F32F55 /* Release */ = {
			isa = XCBuildConfiguration;
			baseConfigurationReference = 5A6A5057C7CD51B014BCE73D /* Pods-MyHome.release.xcconfig */;
			buildSettings = {
				ASSETCATALOG_COMPILER_APPICON_NAME = AppIcon;
				CODE_SIGN_STYLE = Automatic;
				DEVELOPMENT_TEAM = HM9CMH9SWR;
				INFOPLIST_FILE = MyHome/Info.plist;
				LD_RUNPATH_SEARCH_PATHS = (
					"$(inherited)",
					"@executable_path/Frameworks",
				);
				PRODUCT_BUNDLE_IDENTIFIER = com.tinblanc.MyHome;
				PRODUCT_NAME = "$(TARGET_NAME)";
				SWIFT_OBJC_BRIDGING_HEADER = "MyHome/MyHome-Bridging-Header.h";
				SWIFT_VERSION = 4.0;
				TARGETED_DEVICE_FAMILY = "1,2";
			};
			name = Release;
		};
		4584CA6F2083593000F32F55 /* Debug */ = {
			isa = XCBuildConfiguration;
			baseConfigurationReference = D5C5233A4866FCBA99883172 /* Pods-MyHomeTests.debug.xcconfig */;
			buildSettings = {
				ALWAYS_EMBED_SWIFT_STANDARD_LIBRARIES = YES;
				BUNDLE_LOADER = "$(TEST_HOST)";
				CODE_SIGN_STYLE = Automatic;
				INFOPLIST_FILE = MyHomeTests/Info.plist;
				LD_RUNPATH_SEARCH_PATHS = (
					"$(inherited)",
					"@executable_path/Frameworks",
					"@loader_path/Frameworks",
				);
				PRODUCT_BUNDLE_IDENTIFIER = com.tinblanc.MyHomeTests;
				PRODUCT_NAME = "$(TARGET_NAME)";
				SWIFT_VERSION = 4.0;
				TARGETED_DEVICE_FAMILY = "1,2";
				TEST_HOST = "$(BUILT_PRODUCTS_DIR)/MyHome.app/MyHome";
			};
			name = Debug;
		};
		4584CA702083593000F32F55 /* Release */ = {
			isa = XCBuildConfiguration;
			baseConfigurationReference = E567CCDA43A4B2A025AC6A2D /* Pods-MyHomeTests.release.xcconfig */;
			buildSettings = {
				ALWAYS_EMBED_SWIFT_STANDARD_LIBRARIES = YES;
				BUNDLE_LOADER = "$(TEST_HOST)";
				CODE_SIGN_STYLE = Automatic;
				INFOPLIST_FILE = MyHomeTests/Info.plist;
				LD_RUNPATH_SEARCH_PATHS = (
					"$(inherited)",
					"@executable_path/Frameworks",
					"@loader_path/Frameworks",
				);
				PRODUCT_BUNDLE_IDENTIFIER = com.tinblanc.MyHomeTests;
				PRODUCT_NAME = "$(TARGET_NAME)";
				SWIFT_VERSION = 4.0;
				TARGETED_DEVICE_FAMILY = "1,2";
				TEST_HOST = "$(BUILT_PRODUCTS_DIR)/MyHome.app/MyHome";
			};
			name = Release;
		};
/* End XCBuildConfiguration section */

/* Begin XCConfigurationList section */
		4584CA3E2083592E00F32F55 /* Build configuration list for PBXProject "MyHome" */ = {
			isa = XCConfigurationList;
			buildConfigurations = (
				4584CA692083593000F32F55 /* Debug */,
				4584CA6A2083593000F32F55 /* Release */,
			);
			defaultConfigurationIsVisible = 0;
			defaultConfigurationName = Release;
		};
		4584CA6B2083593000F32F55 /* Build configuration list for PBXNativeTarget "MyHome" */ = {
			isa = XCConfigurationList;
			buildConfigurations = (
				4584CA6C2083593000F32F55 /* Debug */,
				4584CA6D2083593000F32F55 /* Release */,
			);
			defaultConfigurationIsVisible = 0;
			defaultConfigurationName = Release;
		};
		4584CA6E2083593000F32F55 /* Build configuration list for PBXNativeTarget "MyHomeTests" */ = {
			isa = XCConfigurationList;
			buildConfigurations = (
				4584CA6F2083593000F32F55 /* Debug */,
				4584CA702083593000F32F55 /* Release */,
			);
			defaultConfigurationIsVisible = 0;
			defaultConfigurationName = Release;
		};
/* End XCConfigurationList section */
	};
	rootObject = 4584CA3B2083592E00F32F55 /* Project object */;
}
